
Microsoft Visual Studio Solution File, Format Version 12.00
# Visual Studio Version 17
VisualStudioVersion = 17.5.33424.131
MinimumVisualStudioVersion = 10.0.40219.1
Project("{9A19103F-16F7-4668-BE54-9A1E7A4F7556}") = "PetitionBackend", "PetitionBackend\PetitionBackend.csproj", "{DA7E5B6F-B317-44B1-BCDE-FB62C15C342A}"
EndProject
Project("{FAE04EC0-301F-11D3-BF4B-00C04F79EFBC}") = "BackendTest", "BackendTest\BackendTest.csproj", "{8783CD4E-7E62-4A3D-9342-02B87C04CAEA}"
EndProject
Global
	GlobalSection(SolutionConfigurationPlatforms) = preSolution
		Debug|Any CPU = Debug|Any CPU
		Release|Any CPU = Release|Any CPU
	EndGlobalSection
	GlobalSection(ProjectConfigurationPlatforms) = postSolution
		{DA7E5B6F-B317-44B1-BCDE-FB62C15C342A}.Debug|Any CPU.ActiveCfg = Debug|Any CPU
		{DA7E5B6F-B317-44B1-BCDE-FB62C15C342A}.Debug|Any CPU.Build.0 = Debug|Any CPU
		{DA7E5B6F-B317-44B1-BCDE-FB62C15C342A}.Release|Any CPU.ActiveCfg = Release|Any CPU
		{DA7E5B6F-B317-44B1-BCDE-FB62C15C342A}.Release|Any CPU.Build.0 = Release|Any CPU
		{8783CD4E-7E62-4A3D-9342-02B87C04CAEA}.Debug|Any CPU.ActiveCfg = Debug|Any CPU
		{8783CD4E-7E62-4A3D-9342-02B87C04CAEA}.Debug|Any CPU.Build.0 = Debug|Any CPU
		{8783CD4E-7E62-4A3D-9342-02B87C04CAEA}.Release|Any CPU.ActiveCfg = Release|Any CPU
		{8783CD4E-7E62-4A3D-9342-02B87C04CAEA}.Release|Any CPU.Build.0 = Release|Any CPU
	EndGlobalSection
	GlobalSection(SolutionProperties) = preSolution
		HideSolutionNode = FALSE
	EndGlobalSection
	GlobalSection(ExtensibilityGlobals) = postSolution
		SolutionGuid = {EC99829A-E74E-41EE-9CF9-0ABF8748EA1F}
	EndGlobalSection
EndGlobal
